// !$*UTF8*$!
{
	archiveVersion = 1;
	classes = {
	};
	objectVersion = 50;
	objects = {

/* Begin PBXBuildFile section */
		501F33DF2623CABE00D755FE /* main.cpp in Sources */ = {isa = PBXBuildFile; fileRef = 501F33DE2623CABE00D755FE /* main.cpp */; };
		501F33F52625DC8500D755FE /* hello.cpp in Sources */ = {isa = PBXBuildFile; fileRef = 501F33F32625DC8500D755FE /* hello.cpp */; };
		501F33FA2625E05F00D755FE /* pointClass.cpp in Sources */ = {isa = PBXBuildFile; fileRef = 501F33F82625E05F00D755FE /* pointClass.cpp */; };
		501F340326285D7400D755FE /* fs.cpp in Sources */ = {isa = PBXBuildFile; fileRef = 501F340126285D7400D755FE /* fs.cpp */; };
		501F3408262862CE00D755FE /* score.cpp in Sources */ = {isa = PBXBuildFile; fileRef = 501F3407262862CE00D755FE /* score.cpp */; };
		501F3414262B025700D755FE /* myString.cpp in Sources */ = {isa = PBXBuildFile; fileRef = 501F3412262B025700D755FE /* myString.cpp */; };
		501F341B262BD8FD00D755FE /* avecount.cpp in Sources */ = {isa = PBXBuildFile; fileRef = 501F3419262BD8FD00D755FE /* avecount.cpp */; };
		501F3420262BDC5D00D755FE /* functionDefaultOptions.cpp in Sources */ = {isa = PBXBuildFile; fileRef = 501F341E262BDC5D00D755FE /* functionDefaultOptions.cpp */; };
		501F3424262BE12200D755FE /* functionConstOptions.cpp in Sources */ = {isa = PBXBuildFile; fileRef = 501F3422262BE12200D755FE /* functionConstOptions.cpp */; };
		501F3428262BE32000D755FE /* functionReturn.cpp in Sources */ = {isa = PBXBuildFile; fileRef = 501F3426262BE32000D755FE /* functionReturn.cpp */; };
		501F342C262C405C00D755FE /* functionOverLoad.cpp in Sources */ = {isa = PBXBuildFile; fileRef = 501F342A262C405C00D755FE /* functionOverLoad.cpp */; };
		501F3437262DECE000D755FE /* functionTemplate.cpp in Sources */ = {isa = PBXBuildFile; fileRef = 501F3436262DECE000D755FE /* functionTemplate.cpp */; };
		501F343B262DF50900D755FE /* functionPratice.cpp in Sources */ = {isa = PBXBuildFile; fileRef = 501F3439262DF50900D755FE /* functionPratice.cpp */; };
		501F34412631AB8900D755FE /* definedClass.cpp in Sources */ = {isa = PBXBuildFile; fileRef = 501F343F2631AB8900D755FE /* definedClass.cpp */; };
		501F34452633B25A00D755FE /* constructorClass.cpp in Sources */ = {isa = PBXBuildFile; fileRef = 501F34432633B25A00D755FE /* constructorClass.cpp */; };
		501F34492633BDE100D755FE /* constructorNewClass.cpp in Sources */ = {isa = PBXBuildFile; fileRef = 501F34472633BDE100D755FE /* constructorNewClass.cpp */; };
		501F344D2633C1B500D755FE /* constructorDefaultValueClass.cpp in Sources */ = {isa = PBXBuildFile; fileRef = 501F344B2633C1B500D755FE /* constructorDefaultValueClass.cpp */; };
		501F34512633CD6400D755FE /* complexConstructorClass.cpp in Sources */ = {isa = PBXBuildFile; fileRef = 501F344F2633CD6400D755FE /* complexConstructorClass.cpp */; };
		501F3455263443BC00D755FE /* memberFunOveloadClass.cpp in Sources */ = {isa = PBXBuildFile; fileRef = 501F3453263443BC00D755FE /* memberFunOveloadClass.cpp */; };
		501F34592634485C00D755FE /* thisClass.cpp in Sources */ = {isa = PBXBuildFile; fileRef = 501F34572634485C00D755FE /* thisClass.cpp */; };
		501F345D26346D7C00D755FE /* dataMemberIsCustomObject.cpp in Sources */ = {isa = PBXBuildFile; fileRef = 501F345B26346D7C00D755FE /* dataMemberIsCustomObject.cpp */; };
		501F3461263472BF00D755FE /* ObjectAttribute.cpp in Sources */ = {isa = PBXBuildFile; fileRef = 501F345F263472BF00D755FE /* ObjectAttribute.cpp */; };
		501F34652634EB4B00D755FE /* classAttribute.cpp in Sources */ = {isa = PBXBuildFile; fileRef = 501F34632634EB4B00D755FE /* classAttribute.cpp */; };
		506D39F726385E8D0094D83C /* objectInit.cpp in Sources */ = {isa = PBXBuildFile; fileRef = 506D39F526385E8D0094D83C /* objectInit.cpp */; };
		506D39FB26386F8E0094D83C /* staticClass.cpp in Sources */ = {isa = PBXBuildFile; fileRef = 506D39F926386F8E0094D83C /* staticClass.cpp */; };
		50A3845F2639CB2E007169F9 /* friendFunction.cpp in Sources */ = {isa = PBXBuildFile; fileRef = 50A3845D2639CB2E007169F9 /* friendFunction.cpp */; };
		50A384632639CB85007169F9 /* documentSpecification.cpp in Sources */ = {isa = PBXBuildFile; fileRef = 50A384612639CB85007169F9 /* documentSpecification.cpp */; };
		50DBBCB7263C279A000C9093 /* constObject.cpp in Sources */ = {isa = PBXBuildFile; fileRef = 50DBBCB5263C279A000C9093 /* constObject.cpp */; };
/* End PBXBuildFile section */

/* Begin PBXCopyFilesBuildPhase section */
		501F33D92623CABE00D755FE /* CopyFiles */ = {
			isa = PBXCopyFilesBuildPhase;
			buildActionMask = 2147483647;
			dstPath = /usr/share/man/man1/;
			dstSubfolderSpec = 0;
			files = (
			);
			runOnlyForDeploymentPostprocessing = 1;
		};
/* End PBXCopyFilesBuildPhase section */

/* Begin PBXFileReference section */
		501F33DB2623CABE00D755FE /* c++new */ = {isa = PBXFileReference; explicitFileType = "compiled.mach-o.executable"; includeInIndex = 0; path = "c++new"; sourceTree = BUILT_PRODUCTS_DIR; };
		501F33DE2623CABE00D755FE /* main.cpp */ = {isa = PBXFileReference; lastKnownFileType = sourcecode.cpp.cpp; path = main.cpp; sourceTree = "<group>"; };
		501F33F32625DC8500D755FE /* hello.cpp */ = {isa = PBXFileReference; lastKnownFileType = sourcecode.cpp.cpp; path = hello.cpp; sourceTree = "<group>"; };
		501F33F42625DC8500D755FE /* hello.hpp */ = {isa = PBXFileReference; lastKnownFileType = sourcecode.cpp.h; path = hello.hpp; sourceTree = "<group>"; };
		501F33F82625E05F00D755FE /* pointClass.cpp */ = {isa = PBXFileReference; lastKnownFileType = sourcecode.cpp.cpp; path = pointClass.cpp; sourceTree = "<group>"; };
		501F33F92625E05F00D755FE /* pointClass.hpp */ = {isa = PBXFileReference; lastKnownFileType = sourcecode.cpp.h; path = pointClass.hpp; sourceTree = "<group>"; };
		501F340126285D7400D755FE /* fs.cpp */ = {isa = PBXFileReference; lastKnownFileType = sourcecode.cpp.cpp; path = fs.cpp; sourceTree = "<group>"; };
		501F340226285D7400D755FE /* fs.hpp */ = {isa = PBXFileReference; lastKnownFileType = sourcecode.cpp.h; path = fs.hpp; sourceTree = "<group>"; };
		501F340526285DF400D755FE /* file.txt */ = {isa = PBXFileReference; lastKnownFileType = text; path = file.txt; sourceTree = "<group>"; };
		501F3407262862CE00D755FE /* score.cpp */ = {isa = PBXFileReference; lastKnownFileType = sourcecode.cpp.cpp; path = score.cpp; sourceTree = "<group>"; };
		501F3412262B025700D755FE /* myString.cpp */ = {isa = PBXFileReference; lastKnownFileType = sourcecode.cpp.cpp; path = myString.cpp; sourceTree = "<group>"; };
		501F3413262B025700D755FE /* myString.hpp */ = {isa = PBXFileReference; lastKnownFileType = sourcecode.cpp.h; path = myString.hpp; sourceTree = "<group>"; };
		501F3419262BD8FD00D755FE /* avecount.cpp */ = {isa = PBXFileReference; lastKnownFileType = sourcecode.cpp.cpp; path = avecount.cpp; sourceTree = "<group>"; };
		501F341A262BD8FD00D755FE /* avecount.hpp */ = {isa = PBXFileReference; lastKnownFileType = sourcecode.cpp.h; path = avecount.hpp; sourceTree = "<group>"; };
		501F341E262BDC5D00D755FE /* functionDefaultOptions.cpp */ = {isa = PBXFileReference; lastKnownFileType = sourcecode.cpp.cpp; path = functionDefaultOptions.cpp; sourceTree = "<group>"; };
		501F341F262BDC5D00D755FE /* functionDefaultOptions.hpp */ = {isa = PBXFileReference; lastKnownFileType = sourcecode.cpp.h; path = functionDefaultOptions.hpp; sourceTree = "<group>"; };
		501F3422262BE12200D755FE /* functionConstOptions.cpp */ = {isa = PBXFileReference; lastKnownFileType = sourcecode.cpp.cpp; path = functionConstOptions.cpp; sourceTree = "<group>"; };
		501F3423262BE12200D755FE /* functionConstOptions.hpp */ = {isa = PBXFileReference; lastKnownFileType = sourcecode.cpp.h; path = functionConstOptions.hpp; sourceTree = "<group>"; };
		501F3426262BE32000D755FE /* functionReturn.cpp */ = {isa = PBXFileReference; lastKnownFileType = sourcecode.cpp.cpp; path = functionReturn.cpp; sourceTree = "<group>"; };
		501F3427262BE32000D755FE /* functionReturn.hpp */ = {isa = PBXFileReference; lastKnownFileType = sourcecode.cpp.h; path = functionReturn.hpp; sourceTree = "<group>"; };
		501F342A262C405C00D755FE /* functionOverLoad.cpp */ = {isa = PBXFileReference; lastKnownFileType = sourcecode.cpp.cpp; path = functionOverLoad.cpp; sourceTree = "<group>"; };
		501F342B262C405C00D755FE /* functionOverLoad.hpp */ = {isa = PBXFileReference; lastKnownFileType = sourcecode.cpp.h; path = functionOverLoad.hpp; sourceTree = "<group>"; };
		501F3435262DECE000D755FE /* functionTemplate.hpp */ = {isa = PBXFileReference; fileEncoding = 4; lastKnownFileType = sourcecode.cpp.h; path = functionTemplate.hpp; sourceTree = "<group>"; };
		501F3436262DECE000D755FE /* functionTemplate.cpp */ = {isa = PBXFileReference; fileEncoding = 4; lastKnownFileType = sourcecode.cpp.cpp; path = functionTemplate.cpp; sourceTree = "<group>"; };
		501F3439262DF50900D755FE /* functionPratice.cpp */ = {isa = PBXFileReference; lastKnownFileType = sourcecode.cpp.cpp; path = functionPratice.cpp; sourceTree = "<group>"; };
		501F343A262DF50900D755FE /* functionPratice.hpp */ = {isa = PBXFileReference; lastKnownFileType = sourcecode.cpp.h; path = functionPratice.hpp; sourceTree = "<group>"; };
		501F343F2631AB8900D755FE /* definedClass.cpp */ = {isa = PBXFileReference; lastKnownFileType = sourcecode.cpp.cpp; path = definedClass.cpp; sourceTree = "<group>"; };
		501F34402631AB8900D755FE /* definedClass.hpp */ = {isa = PBXFileReference; lastKnownFileType = sourcecode.cpp.h; path = definedClass.hpp; sourceTree = "<group>"; };
		501F34432633B25A00D755FE /* constructorClass.cpp */ = {isa = PBXFileReference; lastKnownFileType = sourcecode.cpp.cpp; path = constructorClass.cpp; sourceTree = "<group>"; };
		501F34442633B25A00D755FE /* constructorClass.hpp */ = {isa = PBXFileReference; lastKnownFileType = sourcecode.cpp.h; path = constructorClass.hpp; sourceTree = "<group>"; };
		501F34472633BDE100D755FE /* constructorNewClass.cpp */ = {isa = PBXFileReference; lastKnownFileType = sourcecode.cpp.cpp; path = constructorNewClass.cpp; sourceTree = "<group>"; };
		501F34482633BDE100D755FE /* constructorNewClass.hpp */ = {isa = PBXFileReference; lastKnownFileType = sourcecode.cpp.h; path = constructorNewClass.hpp; sourceTree = "<group>"; };
		501F344B2633C1B500D755FE /* constructorDefaultValueClass.cpp */ = {isa = PBXFileReference; lastKnownFileType = sourcecode.cpp.cpp; path = constructorDefaultValueClass.cpp; sourceTree = "<group>"; };
		501F344C2633C1B500D755FE /* constructorDefaultValueClass.hpp */ = {isa = PBXFileReference; lastKnownFileType = sourcecode.cpp.h; path = constructorDefaultValueClass.hpp; sourceTree = "<group>"; };
		501F344F2633CD6400D755FE /* complexConstructorClass.cpp */ = {isa = PBXFileReference; lastKnownFileType = sourcecode.cpp.cpp; path = complexConstructorClass.cpp; sourceTree = "<group>"; };
		501F34502633CD6400D755FE /* complexConstructorClass.hpp */ = {isa = PBXFileReference; lastKnownFileType = sourcecode.cpp.h; path = complexConstructorClass.hpp; sourceTree = "<group>"; };
		501F3453263443BC00D755FE /* memberFunOveloadClass.cpp */ = {isa = PBXFileReference; lastKnownFileType = sourcecode.cpp.cpp; path = memberFunOveloadClass.cpp; sourceTree = "<group>"; };
		501F3454263443BC00D755FE /* memberFunOveloadClass.hpp */ = {isa = PBXFileReference; lastKnownFileType = sourcecode.cpp.h; path = memberFunOveloadClass.hpp; sourceTree = "<group>"; };
		501F34572634485C00D755FE /* thisClass.cpp */ = {isa = PBXFileReference; lastKnownFileType = sourcecode.cpp.cpp; path = thisClass.cpp; sourceTree = "<group>"; };
		501F34582634485C00D755FE /* thisClass.hpp */ = {isa = PBXFileReference; lastKnownFileType = sourcecode.cpp.h; path = thisClass.hpp; sourceTree = "<group>"; };
		501F345B26346D7C00D755FE /* dataMemberIsCustomObject.cpp */ = {isa = PBXFileReference; lastKnownFileType = sourcecode.cpp.cpp; path = dataMemberIsCustomObject.cpp; sourceTree = "<group>"; };
		501F345C26346D7C00D755FE /* dataMemberIsCustomObject.hpp */ = {isa = PBXFileReference; lastKnownFileType = sourcecode.cpp.h; path = dataMemberIsCustomObject.hpp; sourceTree = "<group>"; };
		501F345F263472BF00D755FE /* ObjectAttribute.cpp */ = {isa = PBXFileReference; lastKnownFileType = sourcecode.cpp.cpp; path = ObjectAttribute.cpp; sourceTree = "<group>"; };
		501F3460263472BF00D755FE /* ObjectAttribute.hpp */ = {isa = PBXFileReference; lastKnownFileType = sourcecode.cpp.h; path = ObjectAttribute.hpp; sourceTree = "<group>"; };
		501F34632634EB4B00D755FE /* classAttribute.cpp */ = {isa = PBXFileReference; lastKnownFileType = sourcecode.cpp.cpp; path = classAttribute.cpp; sourceTree = "<group>"; };
		501F34642634EB4B00D755FE /* classAttribute.hpp */ = {isa = PBXFileReference; lastKnownFileType = sourcecode.cpp.h; path = classAttribute.hpp; sourceTree = "<group>"; };
		506D39F526385E8D0094D83C /* objectInit.cpp */ = {isa = PBXFileReference; lastKnownFileType = sourcecode.cpp.cpp; path = objectInit.cpp; sourceTree = "<group>"; };
		506D39F626385E8D0094D83C /* objectInit.hpp */ = {isa = PBXFileReference; lastKnownFileType = sourcecode.cpp.h; path = objectInit.hpp; sourceTree = "<group>"; };
		506D39F926386F8E0094D83C /* staticClass.cpp */ = {isa = PBXFileReference; lastKnownFileType = sourcecode.cpp.cpp; path = staticClass.cpp; sourceTree = "<group>"; };
		506D39FA26386F8E0094D83C /* staticClass.hpp */ = {isa = PBXFileReference; lastKnownFileType = sourcecode.cpp.h; path = staticClass.hpp; sourceTree = "<group>"; };
		50A3845D2639CB2E007169F9 /* friendFunction.cpp */ = {isa = PBXFileReference; lastKnownFileType = sourcecode.cpp.cpp; path = friendFunction.cpp; sourceTree = "<group>"; };
		50A3845E2639CB2E007169F9 /* friendFunction.hpp */ = {isa = PBXFileReference; lastKnownFileType = sourcecode.cpp.h; path = friendFunction.hpp; sourceTree = "<group>"; };
		50A384612639CB85007169F9 /* documentSpecification.cpp */ = {isa = PBXFileReference; lastKnownFileType = sourcecode.cpp.cpp; path = documentSpecification.cpp; sourceTree = "<group>"; };
		50A384622639CB85007169F9 /* documentSpecification.hpp */ = {isa = PBXFileReference; lastKnownFileType = sourcecode.cpp.h; path = documentSpecification.hpp; sourceTree = "<group>"; };
		50DBBCB5263C279A000C9093 /* constObject.cpp */ = {isa = PBXFileReference; lastKnownFileType = sourcecode.cpp.cpp; path = constObject.cpp; sourceTree = "<group>"; };
		50DBBCB6263C279A000C9093 /* constObject.hpp */ = {isa = PBXFileReference; lastKnownFileType = sourcecode.cpp.h; path = constObject.hpp; sourceTree = "<group>"; };
/* End PBXFileReference section */

/* Begin PBXFrameworksBuildPhase section */
		501F33D82623CABE00D755FE /* Frameworks */ = {
			isa = PBXFrameworksBuildPhase;
			buildActionMask = 2147483647;
			files = (
			);
			runOnlyForDeploymentPostprocessing = 0;
		};
/* End PBXFrameworksBuildPhase section */

/* Begin PBXGroup section */
		501F33D22623CABE00D755FE = {
			isa = PBXGroup;
			children = (
				501F33DD2623CABE00D755FE /* c++new */,
				501F33DC2623CABE00D755FE /* Products */,
			);
			sourceTree = "<group>";
		};
		501F33DC2623CABE00D755FE /* Products */ = {
			isa = PBXGroup;
			children = (
				501F33DB2623CABE00D755FE /* c++new */,
			);
			name = Products;
			sourceTree = "<group>";
		};
		501F33DD2623CABE00D755FE /* c++new */ = {
			isa = PBXGroup;
			children = (
				506D39F4263855D40094D83C /* 5-特殊函数和成员 */,
				501F343E2631AB5C00D755FE /* 4-类和对象 */,
				501F3418262BD8AA00D755FE /* practice */,
				501F3411262B023A00D755FE /* string */,
				501F340026285D5B00D755FE /* fs */,
				501F33FE2625E1F300D755FE /* pointClass */,
				501F33FC2625E14400D755FE /* hello */,
				501F33DE2623CABE00D755FE /* main.cpp */,
			);
			path = "c++new";
			sourceTree = "<group>";
		};
		501F33FC2625E14400D755FE /* hello */ = {
			isa = PBXGroup;
			children = (
				501F33F32625DC8500D755FE /* hello.cpp */,
				501F33F42625DC8500D755FE /* hello.hpp */,
			);
			name = hello;
			sourceTree = "<group>";
		};
		501F33FE2625E1F300D755FE /* pointClass */ = {
			isa = PBXGroup;
			children = (
				501F33F82625E05F00D755FE /* pointClass.cpp */,
				501F33F92625E05F00D755FE /* pointClass.hpp */,
			);
			path = pointClass;
			sourceTree = "<group>";
		};
		501F340026285D5B00D755FE /* fs */ = {
			isa = PBXGroup;
			children = (
				501F340126285D7400D755FE /* fs.cpp */,
				501F340226285D7400D755FE /* fs.hpp */,
				501F340526285DF400D755FE /* file.txt */,
				501F3407262862CE00D755FE /* score.cpp */,
			);
			path = fs;
			sourceTree = "<group>";
		};
		501F3411262B023A00D755FE /* string */ = {
			isa = PBXGroup;
			children = (
				501F3412262B025700D755FE /* myString.cpp */,
				501F3413262B025700D755FE /* myString.hpp */,
			);
			path = string;
			sourceTree = "<group>";
		};
		501F3418262BD8AA00D755FE /* practice */ = {
			isa = PBXGroup;
			children = (
				501F3436262DECE000D755FE /* functionTemplate.cpp */,
				501F3435262DECE000D755FE /* functionTemplate.hpp */,
				501F3419262BD8FD00D755FE /* avecount.cpp */,
				501F341A262BD8FD00D755FE /* avecount.hpp */,
				501F341E262BDC5D00D755FE /* functionDefaultOptions.cpp */,
				501F341F262BDC5D00D755FE /* functionDefaultOptions.hpp */,
				501F3422262BE12200D755FE /* functionConstOptions.cpp */,
				501F3423262BE12200D755FE /* functionConstOptions.hpp */,
				501F3426262BE32000D755FE /* functionReturn.cpp */,
				501F3427262BE32000D755FE /* functionReturn.hpp */,
				501F342A262C405C00D755FE /* functionOverLoad.cpp */,
				501F342B262C405C00D755FE /* functionOverLoad.hpp */,
				501F3439262DF50900D755FE /* functionPratice.cpp */,
				501F343A262DF50900D755FE /* functionPratice.hpp */,
			);
			path = practice;
			sourceTree = "<group>";
		};
		501F343E2631AB5C00D755FE /* 4-类和对象 */ = {
			isa = PBXGroup;
			children = (
				501F343F2631AB8900D755FE /* definedClass.cpp */,
				501F34402631AB8900D755FE /* definedClass.hpp */,
				501F34432633B25A00D755FE /* constructorClass.cpp */,
				501F34442633B25A00D755FE /* constructorClass.hpp */,
				501F34472633BDE100D755FE /* constructorNewClass.cpp */,
				501F34482633BDE100D755FE /* constructorNewClass.hpp */,
				501F344B2633C1B500D755FE /* constructorDefaultValueClass.cpp */,
				501F344C2633C1B500D755FE /* constructorDefaultValueClass.hpp */,
				501F344F2633CD6400D755FE /* complexConstructorClass.cpp */,
				501F34502633CD6400D755FE /* complexConstructorClass.hpp */,
				501F3453263443BC00D755FE /* memberFunOveloadClass.cpp */,
				501F3454263443BC00D755FE /* memberFunOveloadClass.hpp */,
				501F34572634485C00D755FE /* thisClass.cpp */,
				501F34582634485C00D755FE /* thisClass.hpp */,
				501F345B26346D7C00D755FE /* dataMemberIsCustomObject.cpp */,
				501F345C26346D7C00D755FE /* dataMemberIsCustomObject.hpp */,
				501F345F263472BF00D755FE /* ObjectAttribute.cpp */,
				501F3460263472BF00D755FE /* ObjectAttribute.hpp */,
				501F34632634EB4B00D755FE /* classAttribute.cpp */,
				501F34642634EB4B00D755FE /* classAttribute.hpp */,
				50A384612639CB85007169F9 /* documentSpecification.cpp */,
				50A384622639CB85007169F9 /* documentSpecification.hpp */,
			);
			path = "4-类和对象";
			sourceTree = "<group>";
		};
		506D39F4263855D40094D83C /* 5-特殊函数和成员 */ = {
			isa = PBXGroup;
			children = (
				506D39F526385E8D0094D83C /* objectInit.cpp */,
				506D39F626385E8D0094D83C /* objectInit.hpp */,
				506D39F926386F8E0094D83C /* staticClass.cpp */,
				506D39FA26386F8E0094D83C /* staticClass.hpp */,
				50A3845D2639CB2E007169F9 /* friendFunction.cpp */,
				50A3845E2639CB2E007169F9 /* friendFunction.hpp */,
				50DBBCB5263C279A000C9093 /* constObject.cpp */,
				50DBBCB6263C279A000C9093 /* constObject.hpp */,
			);
			path = "5-特殊函数和成员";
			sourceTree = "<group>";
		};
/* End PBXGroup section */

/* Begin PBXNativeTarget section */
		501F33DA2623CABE00D755FE /* c++new */ = {
			isa = PBXNativeTarget;
			buildConfigurationList = 501F33E22623CABE00D755FE /* Build configuration list for PBXNativeTarget "c++new" */;
			buildPhases = (
				501F33D72623CABE00D755FE /* Sources */,
				501F33D82623CABE00D755FE /* Frameworks */,
				501F33D92623CABE00D755FE /* CopyFiles */,
			);
			buildRules = (
			);
			dependencies = (
			);
			name = "c++new";
			productName = "c++new";
			productReference = 501F33DB2623CABE00D755FE /* c++new */;
			productType = "com.apple.product-type.tool";
		};
/* End PBXNativeTarget section */

/* Begin PBXProject section */
		501F33D32623CABE00D755FE /* Project object */ = {
			isa = PBXProject;
			attributes = {
				LastUpgradeCheck = 1240;
				TargetAttributes = {
					501F33DA2623CABE00D755FE = {
						CreatedOnToolsVersion = 12.4;
					};
				};
			};
			buildConfigurationList = 501F33D62623CABE00D755FE /* Build configuration list for PBXProject "c++new" */;
			compatibilityVersion = "Xcode 9.3";
			developmentRegion = en;
			hasScannedForEncodings = 0;
			knownRegions = (
				en,
				Base,
			);
			mainGroup = 501F33D22623CABE00D755FE;
			productRefGroup = 501F33DC2623CABE00D755FE /* Products */;
			projectDirPath = "";
			projectRoot = "";
			targets = (
				501F33DA2623CABE00D755FE /* c++new */,
			);
		};
/* End PBXProject section */

/* Begin PBXSourcesBuildPhase section */
		501F33D72623CABE00D755FE /* Sources */ = {
			isa = PBXSourcesBuildPhase;
			buildActionMask = 2147483647;
			files = (
				501F344D2633C1B500D755FE /* constructorDefaultValueClass.cpp in Sources */,
				501F34412631AB8900D755FE /* definedClass.cpp in Sources */,
				501F3414262B025700D755FE /* myString.cpp in Sources */,
				506D39FB26386F8E0094D83C /* staticClass.cpp in Sources */,
				501F34652634EB4B00D755FE /* classAttribute.cpp in Sources */,
				501F3408262862CE00D755FE /* score.cpp in Sources */,
				501F34592634485C00D755FE /* thisClass.cpp in Sources */,
				501F343B262DF50900D755FE /* functionPratice.cpp in Sources */,
				501F3455263443BC00D755FE /* memberFunOveloadClass.cpp in Sources */,
				501F3420262BDC5D00D755FE /* functionDefaultOptions.cpp in Sources */,
				50DBBCB7263C279A000C9093 /* constObject.cpp in Sources */,
				50A384632639CB85007169F9 /* documentSpecification.cpp in Sources */,
				501F34512633CD6400D755FE /* complexConstructorClass.cpp in Sources */,
				506D39F726385E8D0094D83C /* objectInit.cpp in Sources */,
				501F3437262DECE000D755FE /* functionTemplate.cpp in Sources */,
				501F3428262BE32000D755FE /* functionReturn.cpp in Sources */,
				501F3424262BE12200D755FE /* functionConstOptions.cpp in Sources */,
				501F345D26346D7C00D755FE /* dataMemberIsCustomObject.cpp in Sources */,
				501F340326285D7400D755FE /* fs.cpp in Sources */,
				501F34452633B25A00D755FE /* constructorClass.cpp in Sources */,
				501F3461263472BF00D755FE /* ObjectAttribute.cpp in Sources */,
				501F33DF2623CABE00D755FE /* main.cpp in Sources */,
				501F341B262BD8FD00D755FE /* avecount.cpp in Sources */,
				501F33FA2625E05F00D755FE /* pointClass.cpp in Sources */,
				501F33F52625DC8500D755FE /* hello.cpp in Sources */,
				50A3845F2639CB2E007169F9 /* friendFunction.cpp in Sources */,
				501F34492633BDE100D755FE /* constructorNewClass.cpp in Sources */,
				501F342C262C405C00D755FE /* functionOverLoad.cpp in Sources */,
			);
			runOnlyForDeploymentPostprocessing = 0;
		};
/* End PBXSourcesBuildPhase section */

/* Begin XCBuildConfiguration section */
		501F33E02623CABE00D755FE /* Debug */ = {
			isa = XCBuildConfiguration;
			buildSettings = {
				ALWAYS_SEARCH_USER_PATHS = NO;
				CLANG_ANALYZER_NONNULL = YES;
				CLANG_ANALYZER_NUMBER_OBJECT_CONVERSION = YES_AGGRESSIVE;
				CLANG_CXX_LANGUAGE_STANDARD = "gnu++14";
				CLANG_CXX_LIBRARY = "libc++";
				CLANG_ENABLE_MODULES = YES;
				CLANG_ENABLE_OBJC_ARC = YES;
				CLANG_ENABLE_OBJC_WEAK = YES;
				CLANG_WARN_BLOCK_CAPTURE_AUTORELEASING = YES;
				CLANG_WARN_BOOL_CONVERSION = YES;
				CLANG_WARN_COMMA = YES;
				CLANG_WARN_CONSTANT_CONVERSION = YES;
				CLANG_WARN_DEPRECATED_OBJC_IMPLEMENTATIONS = YES;
				CLANG_WARN_DIRECT_OBJC_ISA_USAGE = YES_ERROR;
				CLANG_WARN_DOCUMENTATION_COMMENTS = YES;
				CLANG_WARN_EMPTY_BODY = YES;
				CLANG_WARN_ENUM_CONVERSION = YES;
				CLANG_WARN_INFINITE_RECURSION = YES;
				CLANG_WARN_INT_CONVERSION = YES;
				CLANG_WARN_NON_LITERAL_NULL_CONVERSION = YES;
				CLANG_WARN_OBJC_IMPLICIT_RETAIN_SELF = YES;
				CLANG_WARN_OBJC_LITERAL_CONVERSION = YES;
				CLANG_WARN_OBJC_ROOT_CLASS = YES_ERROR;
				CLANG_WARN_QUOTED_INCLUDE_IN_FRAMEWORK_HEADER = YES;
				CLANG_WARN_RANGE_LOOP_ANALYSIS = YES;
				CLANG_WARN_STRICT_PROTOTYPES = YES;
				CLANG_WARN_SUSPICIOUS_MOVE = YES;
				CLANG_WARN_UNGUARDED_AVAILABILITY = YES_AGGRESSIVE;
				CLANG_WARN_UNREACHABLE_CODE = YES;
				CLANG_WARN__DUPLICATE_METHOD_MATCH = YES;
				COPY_PHASE_STRIP = NO;
				DEBUG_INFORMATION_FORMAT = dwarf;
				ENABLE_STRICT_OBJC_MSGSEND = YES;
				ENABLE_TESTABILITY = YES;
				GCC_C_LANGUAGE_STANDARD = gnu11;
				GCC_DYNAMIC_NO_PIC = NO;
				GCC_NO_COMMON_BLOCKS = YES;
				GCC_OPTIMIZATION_LEVEL = 0;
				GCC_PREPROCESSOR_DEFINITIONS = (
					"DEBUG=1",
					"$(inherited)",
				);
				GCC_WARN_64_TO_32_BIT_CONVERSION = YES;
				GCC_WARN_ABOUT_RETURN_TYPE = YES_ERROR;
				GCC_WARN_UNDECLARED_SELECTOR = YES;
				GCC_WARN_UNINITIALIZED_AUTOS = YES_AGGRESSIVE;
				GCC_WARN_UNUSED_FUNCTION = YES;
				GCC_WARN_UNUSED_VARIABLE = YES;
				MACOSX_DEPLOYMENT_TARGET = 11.1;
				MTL_ENABLE_DEBUG_INFO = INCLUDE_SOURCE;
				MTL_FAST_MATH = YES;
				ONLY_ACTIVE_ARCH = YES;
				SDKROOT = macosx;
			};
			name = Debug;
		};
		501F33E12623CABE00D755FE /* Release */ = {
			isa = XCBuildConfiguration;
			buildSettings = {
				ALWAYS_SEARCH_USER_PATHS = NO;
				CLANG_ANALYZER_NONNULL = YES;
				CLANG_ANALYZER_NUMBER_OBJECT_CONVERSION = YES_AGGRESSIVE;
				CLANG_CXX_LANGUAGE_STANDARD = "gnu++14";
				CLANG_CXX_LIBRARY = "libc++";
				CLANG_ENABLE_MODULES = YES;
				CLANG_ENABLE_OBJC_ARC = YES;
				CLANG_ENABLE_OBJC_WEAK = YES;
				CLANG_WARN_BLOCK_CAPTURE_AUTORELEASING = YES;
				CLANG_WARN_BOOL_CONVERSION = YES;
				CLANG_WARN_COMMA = YES;
				CLANG_WARN_CONSTANT_CONVERSION = YES;
				CLANG_WARN_DEPRECATED_OBJC_IMPLEMENTATIONS = YES;
				CLANG_WARN_DIRECT_OBJC_ISA_USAGE = YES_ERROR;
				CLANG_WARN_DOCUMENTATION_COMMENTS = YES;
				CLANG_WARN_EMPTY_BODY = YES;
				CLANG_WARN_ENUM_CONVERSION = YES;
				CLANG_WARN_INFINITE_RECURSION = YES;
				CLANG_WARN_INT_CONVERSION = YES;
				CLANG_WARN_NON_LITERAL_NULL_CONVERSION = YES;
				CLANG_WARN_OBJC_IMPLICIT_RETAIN_SELF = YES;
				CLANG_WARN_OBJC_LITERAL_CONVERSION = YES;
				CLANG_WARN_OBJC_ROOT_CLASS = YES_ERROR;
				CLANG_WARN_QUOTED_INCLUDE_IN_FRAMEWORK_HEADER = YES;
				CLANG_WARN_RANGE_LOOP_ANALYSIS = YES;
				CLANG_WARN_STRICT_PROTOTYPES = YES;
				CLANG_WARN_SUSPICIOUS_MOVE = YES;
				CLANG_WARN_UNGUARDED_AVAILABILITY = YES_AGGRESSIVE;
				CLANG_WARN_UNREACHABLE_CODE = YES;
				CLANG_WARN__DUPLICATE_METHOD_MATCH = YES;
				COPY_PHASE_STRIP = NO;
				DEBUG_INFORMATION_FORMAT = "dwarf-with-dsym";
				ENABLE_NS_ASSERTIONS = NO;
				ENABLE_STRICT_OBJC_MSGSEND = YES;
				GCC_C_LANGUAGE_STANDARD = gnu11;
				GCC_NO_COMMON_BLOCKS = YES;
				GCC_WARN_64_TO_32_BIT_CONVERSION = YES;
				GCC_WARN_ABOUT_RETURN_TYPE = YES_ERROR;
				GCC_WARN_UNDECLARED_SELECTOR = YES;
				GCC_WARN_UNINITIALIZED_AUTOS = YES_AGGRESSIVE;
				GCC_WARN_UNUSED_FUNCTION = YES;
				GCC_WARN_UNUSED_VARIABLE = YES;
				MACOSX_DEPLOYMENT_TARGET = 11.1;
				MTL_ENABLE_DEBUG_INFO = NO;
				MTL_FAST_MATH = YES;
				SDKROOT = macosx;
			};
			name = Release;
		};
		501F33E32623CABE00D755FE /* Debug */ = {
			isa = XCBuildConfiguration;
			buildSettings = {
				CODE_SIGN_STYLE = Automatic;
				DEVELOPMENT_TEAM = 8CHW72K9LS;
				ENABLE_HARDENED_RUNTIME = YES;
				PRODUCT_NAME = "$(TARGET_NAME)";
			};
			name = Debug;
		};
		501F33E42623CABE00D755FE /* Release */ = {
			isa = XCBuildConfiguration;
			buildSettings = {
				CODE_SIGN_STYLE = Automatic;
				DEVELOPMENT_TEAM = 8CHW72K9LS;
				ENABLE_HARDENED_RUNTIME = YES;
				PRODUCT_NAME = "$(TARGET_NAME)";
			};
			name = Release;
		};
/* End XCBuildConfiguration section */

/* Begin XCConfigurationList section */
		501F33D62623CABE00D755FE /* Build configuration list for PBXProject "c++new" */ = {
			isa = XCConfigurationList;
			buildConfigurations = (
				501F33E02623CABE00D755FE /* Debug */,
				501F33E12623CABE00D755FE /* Release */,
			);
			defaultConfigurationIsVisible = 0;
			defaultConfigurationName = Release;
		};
		501F33E22623CABE00D755FE /* Build configuration list for PBXNativeTarget "c++new" */ = {
			isa = XCConfigurationList;
			buildConfigurations = (
				501F33E32623CABE00D755FE /* Debug */,
				501F33E42623CABE00D755FE /* Release */,
			);
			defaultConfigurationIsVisible = 0;
			defaultConfigurationName = Release;
		};
/* End XCConfigurationList section */
	};
	rootObject = 501F33D32623CABE00D755FE /* Project object */;
}
